{
  "originHash" : "14784bf07a9a2472d3b8f613579f6e97d82db6f5f4c303d1952a501e92e7dc54",
  "pins" : [
    {
      "identity" : "arcagentsdocs",
      "kind" : "remoteSourceControl",
      "location" : "https://github.com/arclabs-studio/ARCAgentsDocs.git",
      "state" : {
        "revision" : "13f828e7e51608905d39a2523feca378052ef3fa",
        "version" : "1.0.0"
      }
    },
    {
      "identity" : "arcdevtools",
      "kind" : "remoteSourceControl",
      "location" : "https://github.com/arclabs-studio/ARCDevTools.git",
      "state" : {
        "revision" : "751db39ca50ebdbdf74175145afe12c0d07b2139",
        "version" : "1.1.4"
      }
    }
  ],
  "version" : 3
}
